<?xml version="1.0" encoding="utf-8"?>
<Project ToolsVersion="17.0" xmlns="http://schemas.microsoft.com/developer/msbuild/2003">
  <ItemGroup>
    <ClCompile Include="C:\Users\meven\Documents\Dev\Smash Ultimate\SmashU\application\src\common\game_assets.cpp">
      <Filter>sources\common</Filter>
    </ClCompile>
    <ClCompile Include="C:\Users\meven\Documents\Dev\Smash Ultimate\SmashU\application\src\common\game_common.cpp">
      <Filter>sources\common</Filter>
    </ClCompile>
    <ClCompile Include="C:\Users\meven\Documents\Dev\Smash Ultimate\SmashU\application\src\ecs\common\camera.cpp">
      <Filter>sources\ecs\common</Filter>
    </ClCompile>
    <ClCompile Include="C:\Users\meven\Documents\Dev\Smash Ultimate\SmashU\application\src\ecs\common\damage_utils.cpp">
      <Filter>sources\ecs\common</Filter>
    </ClCompile>
    <ClCompile Include="C:\Users\meven\Documents\Dev\Smash Ultimate\SmashU\application\src\ecs\common\kinematic_utils.cpp">
      <Filter>sources\ecs\common</Filter>
    </ClCompile>
    <ClCompile Include="C:\Users\meven\Documents\Dev\Smash Ultimate\SmashU\application\src\ecs\common\terrain_utils.cpp">
      <Filter>sources\ecs\common</Filter>
    </ClCompile>
    <ClCompile Include="C:\Users\meven\Documents\Dev\Smash Ultimate\SmashU\application\src\ecs\common\tracked_target.cpp">
      <Filter>sources\ecs\common</Filter>
    </ClCompile>
    <ClCompile Include="C:\Users\meven\Documents\Dev\Smash Ultimate\SmashU\application\src\ecs\common\visual_id.cpp">
      <Filter>sources\ecs\common</Filter>
    </ClCompile>
    <ClCompile Include="C:\Users\meven\Documents\Dev\Smash Ultimate\SmashU\application\src\ecs\item\bomb.cpp">
      <Filter>sources\ecs\item</Filter>
    </ClCompile>
    <ClCompile Include="C:\Users\meven\Documents\Dev\Smash Ultimate\SmashU\application\src\ecs\item\potion.cpp">
      <Filter>sources\ecs\item</Filter>
    </ClCompile>
    <ClCompile Include="C:\Users\meven\Documents\Dev\Smash Ultimate\SmashU\application\src\ecs\player\fire_knight_system.cpp">
      <Filter>sources\ecs\player</Filter>
    </ClCompile>
    <ClCompile Include="C:\Users\meven\Documents\Dev\Smash Ultimate\SmashU\application\src\ecs\player\player_ai.cpp">
      <Filter>sources\ecs\player</Filter>
    </ClCompile>
    <ClCompile Include="C:\Users\meven\Documents\Dev\Smash Ultimate\SmashU\application\src\ecs\player\player_command.cpp">
      <Filter>sources\ecs\player</Filter>
    </ClCompile>
    <ClCompile Include="C:\Users\meven\Documents\Dev\Smash Ultimate\SmashU\application\src\ecs\player\player_components.cpp">
      <Filter>sources\ecs\player</Filter>
    </ClCompile>
    <ClCompile Include="C:\Users\meven\Documents\Dev\Smash Ultimate\SmashU\application\src\ecs\player\player_controller_system.cpp">
      <Filter>sources\ecs\player</Filter>
    </ClCompile>
    <ClCompile Include="C:\Users\meven\Documents\Dev\Smash Ultimate\SmashU\application\src\ecs\player\player_input_system.cpp">
      <Filter>sources\ecs\player</Filter>
    </ClCompile>
    <ClCompile Include="C:\Users\meven\Documents\Dev\Smash Ultimate\SmashU\application\src\ecs\player\player_utils.cpp">
      <Filter>sources\ecs\player</Filter>
    </ClCompile>
    <ClCompile Include="C:\Users\meven\Documents\Dev\Smash Ultimate\SmashU\application\src\ecs\player\shield.cpp">
      <Filter>sources\ecs\player</Filter>
    </ClCompile>
    <ClCompile Include="C:\Users\meven\Documents\Dev\Smash Ultimate\SmashU\application\src\ecs\player\water_priestess_system.cpp">
      <Filter>sources\ecs\player</Filter>
    </ClCompile>
    <ClCompile Include="C:\Users\meven\Documents\Dev\Smash Ultimate\SmashU\application\src\ecs\stage\star_fields_platform.cpp">
      <Filter>sources\ecs\stage</Filter>
    </ClCompile>
    <ClCompile Include="C:\Users\meven\Documents\Dev\Smash Ultimate\SmashU\application\src\ecs\stage\star_fields_terrain.cpp">
      <Filter>sources\ecs\stage</Filter>
    </ClCompile>
    <ClCompile Include="C:\Users\meven\Documents\Dev\Smash Ultimate\SmashU\application\src\imgui\imgui_components.cpp">
      <Filter>sources\imgui</Filter>
    </ClCompile>
    <ClCompile Include="C:\Users\meven\Documents\Dev\Smash Ultimate\SmashU\application\src\imgui\imgui_manager.cpp">
      <Filter>sources\imgui</Filter>
    </ClCompile>
    <ClCompile Include="C:\Users\meven\Documents\Dev\Smash Ultimate\SmashU\application\src\input\application_input.cpp">
      <Filter>sources\input</Filter>
    </ClCompile>
    <ClCompile Include="C:\Users\meven\Documents\Dev\Smash Ultimate\SmashU\application\src\input\controls_input.cpp">
      <Filter>sources\input</Filter>
    </ClCompile>
    <ClCompile Include="C:\Users\meven\Documents\Dev\Smash Ultimate\SmashU\application\src\input\mouse_input.cpp">
      <Filter>sources\input</Filter>
    </ClCompile>
    <ClCompile Include="C:\Users\meven\Documents\Dev\Smash Ultimate\SmashU\application\src\main.cpp">
      <Filter>sources</Filter>
    </ClCompile>
    <ClCompile Include="C:\Users\meven\Documents\Dev\Smash Ultimate\SmashU\application\src\scene_manager\stage_manager.cpp">
      <Filter>sources\scene_manager</Filter>
    </ClCompile>
    <ClCompile Include="C:\Users\meven\Documents\Dev\Smash Ultimate\SmashU\application\src\scene_manager\title_manager.cpp">
      <Filter>sources\scene_manager</Filter>
    </ClCompile>
    <ClCompile Include="C:\Users\meven\Documents\Dev\Smash Ultimate\SmashU\application\src\ui\custom_default\ui_default_button.cpp">
      <Filter>sources\ui\custom_default</Filter>
    </ClCompile>
    <ClCompile Include="C:\Users\meven\Documents\Dev\Smash Ultimate\SmashU\application\src\ui\custom_default\ui_default_cursor.cpp">
      <Filter>sources\ui\custom_default</Filter>
    </ClCompile>
    <ClCompile Include="C:\Users\meven\Documents\Dev\Smash Ultimate\SmashU\application\src\ui\custom_default\ui_text_list.cpp">
      <Filter>sources\ui\custom_default</Filter>
    </ClCompile>
    <ClCompile Include="C:\Users\meven\Documents\Dev\Smash Ultimate\SmashU\application\src\ui\stage\ui_pause_menu.cpp">
      <Filter>sources\ui\stage</Filter>
    </ClCompile>
    <ClCompile Include="C:\Users\meven\Documents\Dev\Smash Ultimate\SmashU\application\src\ui\stage\ui_stage_hud.cpp">
      <Filter>sources\ui\stage</Filter>
    </ClCompile>
    <ClCompile Include="C:\Users\meven\Documents\Dev\Smash Ultimate\SmashU\application\src\ui\title\ui_stage_page.cpp">
      <Filter>sources\ui\title</Filter>
    </ClCompile>
    <ClCompile Include="C:\Users\meven\Documents\Dev\Smash Ultimate\SmashU\application\src\ui\title\ui_title_background.cpp">
      <Filter>sources\ui\title</Filter>
    </ClCompile>
    <ClCompile Include="C:\Users\meven\Documents\Dev\Smash Ultimate\SmashU\application\src\ui\title\ui_title_page.cpp">
      <Filter>sources\ui\title</Filter>
    </ClCompile>
  </ItemGroup>
  <ItemGroup>
    <ClInclude Include="C:\Users\meven\Documents\Dev\Smash Ultimate\SmashU\application\src\common\game_assets.h">
      <Filter>sources\common</Filter>
    </ClInclude>
    <ClInclude Include="C:\Users\meven\Documents\Dev\Smash Ultimate\SmashU\application\src\common\game_common.h">
      <Filter>sources\common</Filter>
    </ClInclude>
    <ClInclude Include="C:\Users\meven\Documents\Dev\Smash Ultimate\SmashU\application\src\common\game_settings.h">
      <Filter>sources\common</Filter>
    </ClInclude>
    <ClInclude Include="C:\Users\meven\Documents\Dev\Smash Ultimate\SmashU\application\src\ecs\common\camera.h">
      <Filter>sources\ecs\common</Filter>
    </ClInclude>
    <ClInclude Include="C:\Users\meven\Documents\Dev\Smash Ultimate\SmashU\application\src\ecs\common\damage_utils.h">
      <Filter>sources\ecs\common</Filter>
    </ClInclude>
    <ClInclude Include="C:\Users\meven\Documents\Dev\Smash Ultimate\SmashU\application\src\ecs\common\kinematic_utils.h">
      <Filter>sources\ecs\common</Filter>
    </ClInclude>
    <ClInclude Include="C:\Users\meven\Documents\Dev\Smash Ultimate\SmashU\application\src\ecs\common\terrain_utils.h">
      <Filter>sources\ecs\common</Filter>
    </ClInclude>
    <ClInclude Include="C:\Users\meven\Documents\Dev\Smash Ultimate\SmashU\application\src\ecs\common\tracked_target.h">
      <Filter>sources\ecs\common</Filter>
    </ClInclude>
    <ClInclude Include="C:\Users\meven\Documents\Dev\Smash Ultimate\SmashU\application\src\ecs\common\visual_id.h">
      <Filter>sources\ecs\common</Filter>
    </ClInclude>
    <ClInclude Include="C:\Users\meven\Documents\Dev\Smash Ultimate\SmashU\application\src\ecs\item\bomb.h">
      <Filter>sources\ecs\item</Filter>
    </ClInclude>
    <ClInclude Include="C:\Users\meven\Documents\Dev\Smash Ultimate\SmashU\application\src\ecs\item\potion.h">
      <Filter>sources\ecs\item</Filter>
    </ClInclude>
    <ClInclude Include="C:\Users\meven\Documents\Dev\Smash Ultimate\SmashU\application\src\ecs\player\fire_knight_system.h">
      <Filter>sources\ecs\player</Filter>
    </ClInclude>
    <ClInclude Include="C:\Users\meven\Documents\Dev\Smash Ultimate\SmashU\application\src\ecs\player\player_ai.h">
      <Filter>sources\ecs\player</Filter>
    </ClInclude>
    <ClInclude Include="C:\Users\meven\Documents\Dev\Smash Ultimate\SmashU\application\src\ecs\player\player_command.h">
      <Filter>sources\ecs\player</Filter>
    </ClInclude>
    <ClInclude Include="C:\Users\meven\Documents\Dev\Smash Ultimate\SmashU\application\src\ecs\player\player_components.h">
      <Filter>sources\ecs\player</Filter>
    </ClInclude>
    <ClInclude Include="C:\Users\meven\Documents\Dev\Smash Ultimate\SmashU\application\src\ecs\player\player_controller_system.h">
      <Filter>sources\ecs\player</Filter>
    </ClInclude>
    <ClInclude Include="C:\Users\meven\Documents\Dev\Smash Ultimate\SmashU\application\src\ecs\player\player_input_system.h">
      <Filter>sources\ecs\player</Filter>
    </ClInclude>
    <ClInclude Include="C:\Users\meven\Documents\Dev\Smash Ultimate\SmashU\application\src\ecs\player\player_utils.h">
      <Filter>sources\ecs\player</Filter>
    </ClInclude>
    <ClInclude Include="C:\Users\meven\Documents\Dev\Smash Ultimate\SmashU\application\src\ecs\player\shield.h">
      <Filter>sources\ecs\player</Filter>
    </ClInclude>
    <ClInclude Include="C:\Users\meven\Documents\Dev\Smash Ultimate\SmashU\application\src\ecs\player\water_priestess_system.h">
      <Filter>sources\ecs\player</Filter>
    </ClInclude>
    <ClInclude Include="C:\Users\meven\Documents\Dev\Smash Ultimate\SmashU\application\src\ecs\stage\star_fields_platform.h">
      <Filter>sources\ecs\stage</Filter>
    </ClInclude>
    <ClInclude Include="C:\Users\meven\Documents\Dev\Smash Ultimate\SmashU\application\src\ecs\stage\star_fields_terrain.h">
      <Filter>sources\ecs\stage</Filter>
    </ClInclude>
    <ClInclude Include="C:\Users\meven\Documents\Dev\Smash Ultimate\SmashU\application\src\imgui\imgui_components.h">
      <Filter>sources\imgui</Filter>
    </ClInclude>
    <ClInclude Include="C:\Users\meven\Documents\Dev\Smash Ultimate\SmashU\application\src\imgui\imgui_manager.h">
      <Filter>sources\imgui</Filter>
    </ClInclude>
    <ClInclude Include="C:\Users\meven\Documents\Dev\Smash Ultimate\SmashU\application\src\input\application_input.h">
      <Filter>sources\input</Filter>
    </ClInclude>
    <ClInclude Include="C:\Users\meven\Documents\Dev\Smash Ultimate\SmashU\application\src\input\controls_input.h">
      <Filter>sources\input</Filter>
    </ClInclude>
    <ClInclude Include="C:\Users\meven\Documents\Dev\Smash Ultimate\SmashU\application\src\input\mouse_input.h">
      <Filter>sources\input</Filter>
    </ClInclude>
    <ClInclude Include="C:\Users\meven\Documents\Dev\Smash Ultimate\SmashU\application\src\scene_manager\stage_manager.h">
      <Filter>sources\scene_manager</Filter>
    </ClInclude>
    <ClInclude Include="C:\Users\meven\Documents\Dev\Smash Ultimate\SmashU\application\src\scene_manager\title_manager.h">
      <Filter>sources\scene_manager</Filter>
    </ClInclude>
    <ClInclude Include="C:\Users\meven\Documents\Dev\Smash Ultimate\SmashU\application\src\settings.h">
      <Filter>sources</Filter>
    </ClInclude>
    <ClInclude Include="C:\Users\meven\Documents\Dev\Smash Ultimate\SmashU\application\src\ui\custom_default\ui_default_button.h">
      <Filter>sources\ui\custom_default</Filter>
    </ClInclude>
    <ClInclude Include="C:\Users\meven\Documents\Dev\Smash Ultimate\SmashU\application\src\ui\custom_default\ui_default_cursor.h">
      <Filter>sources\ui\custom_default</Filter>
    </ClInclude>
    <ClInclude Include="C:\Users\meven\Documents\Dev\Smash Ultimate\SmashU\application\src\ui\custom_default\ui_text_list.h">
      <Filter>sources\ui\custom_default</Filter>
    </ClInclude>
    <ClInclude Include="C:\Users\meven\Documents\Dev\Smash Ultimate\SmashU\application\src\ui\stage\ui_pause_menu.h">
      <Filter>sources\ui\stage</Filter>
    </ClInclude>
    <ClInclude Include="C:\Users\meven\Documents\Dev\Smash Ultimate\SmashU\application\src\ui\stage\ui_stage_hud.h">
      <Filter>sources\ui\stage</Filter>
    </ClInclude>
    <ClInclude Include="C:\Users\meven\Documents\Dev\Smash Ultimate\SmashU\application\src\ui\title\ui_stage_page.h">
      <Filter>sources\ui\title</Filter>
    </ClInclude>
    <ClInclude Include="C:\Users\meven\Documents\Dev\Smash Ultimate\SmashU\application\src\ui\title\ui_title_background.h">
      <Filter>sources\ui\title</Filter>
    </ClInclude>
    <ClInclude Include="C:\Users\meven\Documents\Dev\Smash Ultimate\SmashU\application\src\ui\title\ui_title_page.h">
      <Filter>sources\ui\title</Filter>
    </ClInclude>
  </ItemGroup>
  <ItemGroup>
    <CustomBuild Include="C:\Users\meven\Documents\Dev\Smash Ultimate\SmashU\application\CMakeLists.txt" />
  </ItemGroup>
  <ItemGroup>
    <Filter Include="sources">
      <UniqueIdentifier>{0EA4F82D-9B00-3F52-A31D-592B512A8375}</UniqueIdentifier>
    </Filter>
    <Filter Include="sources\common">
      <UniqueIdentifier>{ECCE7AE7-EB32-3778-AC10-C73102BB60F0}</UniqueIdentifier>
    </Filter>
    <Filter Include="sources\ecs">
      <UniqueIdentifier>{F3F6AC63-F97D-320E-9716-A22A5C457531}</UniqueIdentifier>
    </Filter>
    <Filter Include="sources\ecs\common">
      <UniqueIdentifier>{ED56C39C-8020-3A76-B899-83BA99D1BE71}</UniqueIdentifier>
    </Filter>
    <Filter Include="sources\ecs\item">
      <UniqueIdentifier>{31D94045-0A67-3378-BFC3-724D5A4F559F}</UniqueIdentifier>
    </Filter>
    <Filter Include="sources\ecs\player">
      <UniqueIdentifier>{C8841882-756F-350C-9931-A436F332A2FB}</UniqueIdentifier>
    </Filter>
    <Filter Include="sources\ecs\stage">
      <UniqueIdentifier>{5B048442-00DE-3A6E-904D-01F1A4E145CE}</UniqueIdentifier>
    </Filter>
    <Filter Include="sources\imgui">
      <UniqueIdentifier>{75EDADA7-71F7-3292-A656-79E56E429330}</UniqueIdentifier>
    </Filter>
    <Filter Include="sources\input">
      <UniqueIdentifier>{12F0A1BC-9C1D-31D8-92F9-DA95847600ED}</UniqueIdentifier>
    </Filter>
    <Filter Include="sources\scene_manager">
      <UniqueIdentifier>{65606842-81D1-33D7-9A41-9B749E29C292}</UniqueIdentifier>
    </Filter>
    <Filter Include="sources\ui">
      <UniqueIdentifier>{6A6523D2-C92F-3FF0-AA43-6038C4E1878C}</UniqueIdentifier>
    </Filter>
    <Filter Include="sources\ui\custom_default">
      <UniqueIdentifier>{5C5314E4-817D-3028-8785-C7659AEEE900}</UniqueIdentifier>
    </Filter>
    <Filter Include="sources\ui\stage">
      <UniqueIdentifier>{EF0F1AD3-DCEF-3D5B-8047-93E7B3DB874A}</UniqueIdentifier>
    </Filter>
    <Filter Include="sources\ui\title">
      <UniqueIdentifier>{00C41641-839E-3A05-87B5-13FF591C6650}</UniqueIdentifier>
    </Filter>
  </ItemGroup>
</Project>
